
Microsoft Visual Studio Solution File, Format Version 12.00
# Visual Studio 15
VisualStudioVersion = 15.0.28307.421
MinimumVisualStudioVersion = 10.0.40219.1
Project("{FAE04EC0-301F-11D3-BF4B-00C04F79EFBC}") = "TBMS", "TBMS\TBMS.csproj", "{661DF201-2BEC-406E-8E93-77EC08FEA774}"
EndProject
Global
	GlobalSection(SolutionConfigurationPlatforms) = preSolution
		Debug|Any CPU = Debug|Any CPU
		Release|Any CPU = Release|Any CPU
	EndGlobalSection
	GlobalSection(ProjectConfigurationPlatforms) = postSolution
		{661DF201-2BEC-406E-8E93-77EC08FEA774}.Debug|Any CPU.ActiveCfg = Debug|Any CPU
		{661DF201-2BEC-406E-8E93-77EC08FEA774}.Debug|Any CPU.Build.0 = Debug|Any CPU
		{661DF201-2BEC-406E-8E93-77EC08FEA774}.Release|Any CPU.ActiveCfg = Release|Any CPU
		{661DF201-2BEC-406E-8E93-77EC08FEA774}.Release|Any CPU.Build.0 = Release|Any CPU
	EndGlobalSection
	GlobalSection(SolutionProperties) = preSolution
		HideSolutionNode = FALSE
	EndGlobalSection
	GlobalSection(ExtensibilityGlobals) = postSolution
		SolutionGuid = {DC63A372-EC2D-4FFF-A59C-B8E3EF02F62B}
	EndGlobalSection
EndGlobal
